
Microsoft Visual Studio Solution File, Format Version 12.00
# Visual Studio Version 17
VisualStudioVersion = 17.5.33516.290
MinimumVisualStudioVersion = 10.0.40219.1
Project("{FAE04EC0-301F-11D3-BF4B-00C04F79EFBC}") = "VeeaamTestTask", "VeeaamTestTask\VeeaamTestTask.csproj", "{6F651B16-2259-4E4F-A1C9-465E274D5638}"
EndProject
Global
	GlobalSection(SolutionConfigurationPlatforms) = preSolution
		Debug|Any CPU = Debug|Any CPU
		Release|Any CPU = Release|Any CPU
	EndGlobalSection
	GlobalSection(ProjectConfigurationPlatforms) = postSolution
		{6F651B16-2259-4E4F-A1C9-465E274D5638}.Debug|Any CPU.ActiveCfg = Debug|Any CPU
		{6F651B16-2259-4E4F-A1C9-465E274D5638}.Debug|Any CPU.Build.0 = Debug|Any CPU
		{6F651B16-2259-4E4F-A1C9-465E274D5638}.Release|Any CPU.ActiveCfg = Release|Any CPU
		{6F651B16-2259-4E4F-A1C9-465E274D5638}.Release|Any CPU.Build.0 = Release|Any CPU
	EndGlobalSection
	GlobalSection(SolutionProperties) = preSolution
		HideSolutionNode = FALSE
	EndGlobalSection
	GlobalSection(ExtensibilityGlobals) = postSolution
		SolutionGuid = {B92D8CF3-34F4-454F-9033-0CE43B2E4380}
	EndGlobalSection
EndGlobal
